// !$*UTF8*$!
{
	archiveVersion = 1;
	classes = {
	};
	objectVersion = 46;
	objects = {

/* Begin PBXBuildFile section */
		3979EDD71F72BF3400D15238 /* PlainCodeAssembly.swift in Sources */ = {isa = PBXBuildFile; fileRef = 3979EDD01F72BF3400D15238 /* PlainCodeAssembly.swift */; };
		3979EDD81F72BF3400D15238 /* PlainCodeEntities.swift in Sources */ = {isa = PBXBuildFile; fileRef = 3979EDD11F72BF3400D15238 /* PlainCodeEntities.swift */; };
		3979EDD91F72BF3400D15238 /* PlainCodeInteractor.swift in Sources */ = {isa = PBXBuildFile; fileRef = 3979EDD21F72BF3400D15238 /* PlainCodeInteractor.swift */; };
		3979EDDA1F72BF3400D15238 /* PlainCodePresenter.swift in Sources */ = {isa = PBXBuildFile; fileRef = 3979EDD31F72BF3400D15238 /* PlainCodePresenter.swift */; };
		3979EDDB1F72BF3400D15238 /* PlainCodeRouter.swift in Sources */ = {isa = PBXBuildFile; fileRef = 3979EDD41F72BF3400D15238 /* PlainCodeRouter.swift */; };
		3979EDDC1F72BF3400D15238 /* PlainCodeService.swift in Sources */ = {isa = PBXBuildFile; fileRef = 3979EDD51F72BF3400D15238 /* PlainCodeService.swift */; };
		3979EDDD1F72BF3400D15238 /* PlainCodeViewController.swift in Sources */ = {isa = PBXBuildFile; fileRef = 3979EDD61F72BF3400D15238 /* PlainCodeViewController.swift */; };
		3979EDEE1F72C46400D15238 /* WelcomeAssembly.swift in Sources */ = {isa = PBXBuildFile; fileRef = 3979EDED1F72C46400D15238 /* WelcomeAssembly.swift */; };
		39B9889B1FF1F8D600D44F3F /* TestPresenter.swift in Sources */ = {isa = PBXBuildFile; fileRef = 39B988941FF1F8D600D44F3F /* TestPresenter.swift */; };
		39B9889C1FF1F8D600D44F3F /* TestRouter.swift in Sources */ = {isa = PBXBuildFile; fileRef = 39B988951FF1F8D600D44F3F /* TestRouter.swift */; };
		39B9889D1FF1F8D600D44F3F /* TestViewController.swift in Sources */ = {isa = PBXBuildFile; fileRef = 39B988961FF1F8D600D44F3F /* TestViewController.swift */; };
		39B9889E1FF1F8D600D44F3F /* TestAssembly.swift in Sources */ = {isa = PBXBuildFile; fileRef = 39B988971FF1F8D600D44F3F /* TestAssembly.swift */; };
		39B9889F1FF1F8D600D44F3F /* TestInteractor.swift in Sources */ = {isa = PBXBuildFile; fileRef = 39B988981FF1F8D600D44F3F /* TestInteractor.swift */; };
		39B988A01FF1F8D600D44F3F /* TestEntities.swift in Sources */ = {isa = PBXBuildFile; fileRef = 39B988991FF1F8D600D44F3F /* TestEntities.swift */; };
		39B988A11FF1F8D600D44F3F /* TestService.swift in Sources */ = {isa = PBXBuildFile; fileRef = 39B9889A1FF1F8D600D44F3F /* TestService.swift */; };
		39E238271F696F11007A50C1 /* AppDelegate.swift in Sources */ = {isa = PBXBuildFile; fileRef = 39E238261F696F11007A50C1 /* AppDelegate.swift */; };
		39E2382C1F696F11007A50C1 /* Main.storyboard in Resources */ = {isa = PBXBuildFile; fileRef = 39E2382A1F696F11007A50C1 /* Main.storyboard */; };
		39E2382E1F696F11007A50C1 /* Assets.xcassets in Resources */ = {isa = PBXBuildFile; fileRef = 39E2382D1F696F11007A50C1 /* Assets.xcassets */; };
		39E238311F696F11007A50C1 /* LaunchScreen.storyboard in Resources */ = {isa = PBXBuildFile; fileRef = 39E2382F1F696F11007A50C1 /* LaunchScreen.storyboard */; };
		39E238401F696F62007A50C1 /* WelcomeEntities.swift in Sources */ = {isa = PBXBuildFile; fileRef = 39E238391F696F62007A50C1 /* WelcomeEntities.swift */; };
		39E238411F696F62007A50C1 /* WelcomeInteractor.swift in Sources */ = {isa = PBXBuildFile; fileRef = 39E2383A1F696F62007A50C1 /* WelcomeInteractor.swift */; };
		39E238421F696F62007A50C1 /* WelcomePresenter.swift in Sources */ = {isa = PBXBuildFile; fileRef = 39E2383B1F696F62007A50C1 /* WelcomePresenter.swift */; };
		39E238431F696F62007A50C1 /* WelcomeRouter.swift in Sources */ = {isa = PBXBuildFile; fileRef = 39E2383C1F696F62007A50C1 /* WelcomeRouter.swift */; };
		39E238441F696F62007A50C1 /* WelcomeService.swift in Sources */ = {isa = PBXBuildFile; fileRef = 39E2383D1F696F62007A50C1 /* WelcomeService.swift */; };
		39E238451F696F62007A50C1 /* WelcomeViewController.swift in Sources */ = {isa = PBXBuildFile; fileRef = 39E2383E1F696F62007A50C1 /* WelcomeViewController.swift */; };
/* End PBXBuildFile section */

/* Begin PBXFileReference section */
		3979EDD01F72BF3400D15238 /* PlainCodeAssembly.swift */ = {isa = PBXFileReference; lastKnownFileType = sourcecode.swift; path = PlainCodeAssembly.swift; sourceTree = "<group>"; };
		3979EDD11F72BF3400D15238 /* PlainCodeEntities.swift */ = {isa = PBXFileReference; lastKnownFileType = sourcecode.swift; path = PlainCodeEntities.swift; sourceTree = "<group>"; };
		3979EDD21F72BF3400D15238 /* PlainCodeInteractor.swift */ = {isa = PBXFileReference; lastKnownFileType = sourcecode.swift; path = PlainCodeInteractor.swift; sourceTree = "<group>"; };
		3979EDD31F72BF3400D15238 /* PlainCodePresenter.swift */ = {isa = PBXFileReference; lastKnownFileType = sourcecode.swift; path = PlainCodePresenter.swift; sourceTree = "<group>"; };
		3979EDD41F72BF3400D15238 /* PlainCodeRouter.swift */ = {isa = PBXFileReference; lastKnownFileType = sourcecode.swift; path = PlainCodeRouter.swift; sourceTree = "<group>"; };
		3979EDD51F72BF3400D15238 /* PlainCodeService.swift */ = {isa = PBXFileReference; lastKnownFileType = sourcecode.swift; path = PlainCodeService.swift; sourceTree = "<group>"; };
		3979EDD61F72BF3400D15238 /* PlainCodeViewController.swift */ = {isa = PBXFileReference; lastKnownFileType = sourcecode.swift; path = PlainCodeViewController.swift; sourceTree = "<group>"; };
		3979EDED1F72C46400D15238 /* WelcomeAssembly.swift */ = {isa = PBXFileReference; lastKnownFileType = sourcecode.swift; path = WelcomeAssembly.swift; sourceTree = "<group>"; };
		39B988941FF1F8D600D44F3F /* TestPresenter.swift */ = {isa = PBXFileReference; lastKnownFileType = sourcecode.swift; path = TestPresenter.swift; sourceTree = "<group>"; };
		39B988951FF1F8D600D44F3F /* TestRouter.swift */ = {isa = PBXFileReference; lastKnownFileType = sourcecode.swift; path = TestRouter.swift; sourceTree = "<group>"; };
		39B988961FF1F8D600D44F3F /* TestViewController.swift */ = {isa = PBXFileReference; lastKnownFileType = sourcecode.swift; path = TestViewController.swift; sourceTree = "<group>"; };
		39B988971FF1F8D600D44F3F /* TestAssembly.swift */ = {isa = PBXFileReference; lastKnownFileType = sourcecode.swift; path = TestAssembly.swift; sourceTree = "<group>"; };
		39B988981FF1F8D600D44F3F /* TestInteractor.swift */ = {isa = PBXFileReference; lastKnownFileType = sourcecode.swift; path = TestInteractor.swift; sourceTree = "<group>"; };
		39B988991FF1F8D600D44F3F /* TestEntities.swift */ = {isa = PBXFileReference; lastKnownFileType = sourcecode.swift; path = TestEntities.swift; sourceTree = "<group>"; };
		39B9889A1FF1F8D600D44F3F /* TestService.swift */ = {isa = PBXFileReference; lastKnownFileType = sourcecode.swift; path = TestService.swift; sourceTree = "<group>"; };
		39E238231F696F11007A50C1 /* VIPERExample.app */ = {isa = PBXFileReference; explicitFileType = wrapper.application; includeInIndex = 0; path = VIPERExample.app; sourceTree = BUILT_PRODUCTS_DIR; };
		39E238261F696F11007A50C1 /* AppDelegate.swift */ = {isa = PBXFileReference; lastKnownFileType = sourcecode.swift; path = AppDelegate.swift; sourceTree = "<group>"; };
		39E2382B1F696F11007A50C1 /* Base */ = {isa = PBXFileReference; lastKnownFileType = file.storyboard; name = Base; path = Base.lproj/Main.storyboard; sourceTree = "<group>"; };
		39E2382D1F696F11007A50C1 /* Assets.xcassets */ = {isa = PBXFileReference; lastKnownFileType = folder.assetcatalog; path = Assets.xcassets; sourceTree = "<group>"; };
		39E238301F696F11007A50C1 /* Base */ = {isa = PBXFileReference; lastKnownFileType = file.storyboard; name = Base; path = Base.lproj/LaunchScreen.storyboard; sourceTree = "<group>"; };
		39E238321F696F11007A50C1 /* Info.plist */ = {isa = PBXFileReference; lastKnownFileType = text.plist.xml; path = Info.plist; sourceTree = "<group>"; };
		39E238391F696F62007A50C1 /* WelcomeEntities.swift */ = {isa = PBXFileReference; fileEncoding = 4; lastKnownFileType = sourcecode.swift; path = WelcomeEntities.swift; sourceTree = "<group>"; };
		39E2383A1F696F62007A50C1 /* WelcomeInteractor.swift */ = {isa = PBXFileReference; fileEncoding = 4; lastKnownFileType = sourcecode.swift; path = WelcomeInteractor.swift; sourceTree = "<group>"; };
		39E2383B1F696F62007A50C1 /* WelcomePresenter.swift */ = {isa = PBXFileReference; fileEncoding = 4; lastKnownFileType = sourcecode.swift; path = WelcomePresenter.swift; sourceTree = "<group>"; };
		39E2383C1F696F62007A50C1 /* WelcomeRouter.swift */ = {isa = PBXFileReference; fileEncoding = 4; lastKnownFileType = sourcecode.swift; path = WelcomeRouter.swift; sourceTree = "<group>"; };
		39E2383D1F696F62007A50C1 /* WelcomeService.swift */ = {isa = PBXFileReference; fileEncoding = 4; lastKnownFileType = sourcecode.swift; path = WelcomeService.swift; sourceTree = "<group>"; };
		39E2383E1F696F62007A50C1 /* WelcomeViewController.swift */ = {isa = PBXFileReference; fileEncoding = 4; lastKnownFileType = sourcecode.swift; path = WelcomeViewController.swift; sourceTree = "<group>"; };
/* End PBXFileReference section */

/* Begin PBXFrameworksBuildPhase section */
		39E238201F696F11007A50C1 /* Frameworks */ = {
			isa = PBXFrameworksBuildPhase;
			buildActionMask = 2147483647;
			files = (
			);
			runOnlyForDeploymentPostprocessing = 0;
		};
/* End PBXFrameworksBuildPhase section */

/* Begin PBXGroup section */
		3979EDCF1F72BF1800D15238 /* PlainCode */ = {
			isa = PBXGroup;
			children = (
				3979EDD01F72BF3400D15238 /* PlainCodeAssembly.swift */,
				3979EDD11F72BF3400D15238 /* PlainCodeEntities.swift */,
				3979EDD21F72BF3400D15238 /* PlainCodeInteractor.swift */,
				3979EDD31F72BF3400D15238 /* PlainCodePresenter.swift */,
				3979EDD41F72BF3400D15238 /* PlainCodeRouter.swift */,
				3979EDD51F72BF3400D15238 /* PlainCodeService.swift */,
				3979EDD61F72BF3400D15238 /* PlainCodeViewController.swift */,
			);
			path = PlainCode;
			sourceTree = "<group>";
		};
		39B988931FF1F8C200D44F3F /* Test */ = {
			isa = PBXGroup;
			children = (
				39B988941FF1F8D600D44F3F /* TestPresenter.swift */,
				39B988951FF1F8D600D44F3F /* TestRouter.swift */,
				39B988961FF1F8D600D44F3F /* TestViewController.swift */,
				39B988971FF1F8D600D44F3F /* TestAssembly.swift */,
				39B988981FF1F8D600D44F3F /* TestInteractor.swift */,
				39B988991FF1F8D600D44F3F /* TestEntities.swift */,
				39B9889A1FF1F8D600D44F3F /* TestService.swift */,
			);
			path = Test;
			sourceTree = "<group>";
		};
		39C82DF61FB931990045E5F5 /* Welcome */ = {
			isa = PBXGroup;
			children = (
				39E238391F696F62007A50C1 /* WelcomeEntities.swift */,
				39E2383A1F696F62007A50C1 /* WelcomeInteractor.swift */,
				39E2383B1F696F62007A50C1 /* WelcomePresenter.swift */,
				39E2383C1F696F62007A50C1 /* WelcomeRouter.swift */,
				39E2383D1F696F62007A50C1 /* WelcomeService.swift */,
				39E2383E1F696F62007A50C1 /* WelcomeViewController.swift */,
				3979EDED1F72C46400D15238 /* WelcomeAssembly.swift */,
			);
			path = Welcome;
			sourceTree = "<group>";
		};
		39E2381A1F696F11007A50C1 = {
			isa = PBXGroup;
			children = (
				39E238251F696F11007A50C1 /* VIPERExample */,
				39E238241F696F11007A50C1 /* Products */,
			);
			sourceTree = "<group>";
		};
		39E238241F696F11007A50C1 /* Products */ = {
			isa = PBXGroup;
			children = (
				39E238231F696F11007A50C1 /* VIPERExample.app */,
			);
			name = Products;
			sourceTree = "<group>";
		};
		39E238251F696F11007A50C1 /* VIPERExample */ = {
			isa = PBXGroup;
			children = (
				39E238261F696F11007A50C1 /* AppDelegate.swift */,
				39E2382A1F696F11007A50C1 /* Main.storyboard */,
				39E2382D1F696F11007A50C1 /* Assets.xcassets */,
				39E2382F1F696F11007A50C1 /* LaunchScreen.storyboard */,
				39E238321F696F11007A50C1 /* Info.plist */,
				39E238471F696F6D007A50C1 /* Modules */,
			);
			path = VIPERExample;
			sourceTree = "<group>";
		};
		39E238471F696F6D007A50C1 /* Modules */ = {
			isa = PBXGroup;
			children = (
				39B988931FF1F8C200D44F3F /* Test */,
				39C82DF61FB931990045E5F5 /* Welcome */,
				3979EDCF1F72BF1800D15238 /* PlainCode */,
			);
			name = Modules;
			sourceTree = "<group>";
		};
/* End PBXGroup section */

/* Begin PBXNativeTarget section */
		39E238221F696F11007A50C1 /* VIPERExample */ = {
			isa = PBXNativeTarget;
			buildConfigurationList = 39E238351F696F11007A50C1 /* Build configuration list for PBXNativeTarget "VIPERExample" */;
			buildPhases = (
				39E2381F1F696F11007A50C1 /* Sources */,
				39E238201F696F11007A50C1 /* Frameworks */,
				39E238211F696F11007A50C1 /* Resources */,
			);
			buildRules = (
			);
			dependencies = (
			);
			name = VIPERExample;
			productName = VIPERExample;
			productReference = 39E238231F696F11007A50C1 /* VIPERExample.app */;
			productType = "com.apple.product-type.application";
		};
/* End PBXNativeTarget section */

/* Begin PBXProject section */
		39E2381B1F696F11007A50C1 /* Project object */ = {
			isa = PBXProject;
			attributes = {
				LastSwiftUpdateCheck = 0800;
				LastUpgradeCheck = 0900;
				ORGANIZATIONNAME = "Sergey Petrachkov";
				TargetAttributes = {
					39E238221F696F11007A50C1 = {
						CreatedOnToolsVersion = 8.0;
						DevelopmentTeam = TVTBG99HF3;
						LastSwiftMigration = 0900;
						ProvisioningStyle = Automatic;
					};
				};
			};
			buildConfigurationList = 39E2381E1F696F11007A50C1 /* Build configuration list for PBXProject "VIPERExample" */;
			compatibilityVersion = "Xcode 3.2";
			developmentRegion = English;
			hasScannedForEncodings = 0;
			knownRegions = (
				en,
				Base,
			);
			mainGroup = 39E2381A1F696F11007A50C1;
			productRefGroup = 39E238241F696F11007A50C1 /* Products */;
			projectDirPath = "";
			projectRoot = "";
			targets = (
				39E238221F696F11007A50C1 /* VIPERExample */,
			);
		};
/* End PBXProject section */

/* Begin PBXResourcesBuildPhase section */
		39E238211F696F11007A50C1 /* Resources */ = {
			isa = PBXResourcesBuildPhase;
			buildActionMask = 2147483647;
			files = (
				39E238311F696F11007A50C1 /* LaunchScreen.storyboard in Resources */,
				39E2382E1F696F11007A50C1 /* Assets.xcassets in Resources */,
				39E2382C1F696F11007A50C1 /* Main.storyboard in Resources */,
			);
			runOnlyForDeploymentPostprocessing = 0;
		};
/* End PBXResourcesBuildPhase section */

/* Begin PBXSourcesBuildPhase section */
		39E2381F1F696F11007A50C1 /* Sources */ = {
			isa = PBXSourcesBuildPhase;
			buildActionMask = 2147483647;
			files = (
				3979EDD81F72BF3400D15238 /* PlainCodeEntities.swift in Sources */,
				39B9889E1FF1F8D600D44F3F /* TestAssembly.swift in Sources */,
				39B988A01FF1F8D600D44F3F /* TestEntities.swift in Sources */,
				39B9889C1FF1F8D600D44F3F /* TestRouter.swift in Sources */,
				39E238451F696F62007A50C1 /* WelcomeViewController.swift in Sources */,
				3979EDDA1F72BF3400D15238 /* PlainCodePresenter.swift in Sources */,
				39E238421F696F62007A50C1 /* WelcomePresenter.swift in Sources */,
				39E238401F696F62007A50C1 /* WelcomeEntities.swift in Sources */,
				39E238441F696F62007A50C1 /* WelcomeService.swift in Sources */,
				39B9889B1FF1F8D600D44F3F /* TestPresenter.swift in Sources */,
				39E238431F696F62007A50C1 /* WelcomeRouter.swift in Sources */,
				39E238271F696F11007A50C1 /* AppDelegate.swift in Sources */,
				3979EDEE1F72C46400D15238 /* WelcomeAssembly.swift in Sources */,
				39E238411F696F62007A50C1 /* WelcomeInteractor.swift in Sources */,
				3979EDD91F72BF3400D15238 /* PlainCodeInteractor.swift in Sources */,
				39B9889F1FF1F8D600D44F3F /* TestInteractor.swift in Sources */,
				3979EDDB1F72BF3400D15238 /* PlainCodeRouter.swift in Sources */,
				3979EDD71F72BF3400D15238 /* PlainCodeAssembly.swift in Sources */,
				3979EDDC1F72BF3400D15238 /* PlainCodeService.swift in Sources */,
				39B9889D1FF1F8D600D44F3F /* TestViewController.swift in Sources */,
				3979EDDD1F72BF3400D15238 /* PlainCodeViewController.swift in Sources */,
				39B988A11FF1F8D600D44F3F /* TestService.swift in Sources */,
			);
			runOnlyForDeploymentPostprocessing = 0;
		};
/* End PBXSourcesBuildPhase section */

/* Begin PBXVariantGroup section */
		39E2382A1F696F11007A50C1 /* Main.storyboard */ = {
			isa = PBXVariantGroup;
			children = (
				39E2382B1F696F11007A50C1 /* Base */,
			);
			name = Main.storyboard;
			sourceTree = "<group>";
		};
		39E2382F1F696F11007A50C1 /* LaunchScreen.storyboard */ = {
			isa = PBXVariantGroup;
			children = (
				39E238301F696F11007A50C1 /* Base */,
			);
			name = LaunchScreen.storyboard;
			sourceTree = "<group>";
		};
/* End PBXVariantGroup section */

/* Begin XCBuildConfiguration section */
		39E238331F696F11007A50C1 /* Debug */ = {
			isa = XCBuildConfiguration;
			buildSettings = {
				ALWAYS_SEARCH_USER_PATHS = NO;
				CLANG_ANALYZER_NONNULL = YES;
				CLANG_CXX_LANGUAGE_STANDARD = "gnu++0x";
				CLANG_CXX_LIBRARY = "libc++";
				CLANG_ENABLE_MODULES = YES;
				CLANG_ENABLE_OBJC_ARC = YES;
				CLANG_WARN_BLOCK_CAPTURE_AUTORELEASING = YES;
				CLANG_WARN_BOOL_CONVERSION = YES;
				CLANG_WARN_COMMA = YES;
				CLANG_WARN_CONSTANT_CONVERSION = YES;
				CLANG_WARN_DIRECT_OBJC_ISA_USAGE = YES_ERROR;
				CLANG_WARN_DOCUMENTATION_COMMENTS = YES;
				CLANG_WARN_EMPTY_BODY = YES;
				CLANG_WARN_ENUM_CONVERSION = YES;
				CLANG_WARN_INFINITE_RECURSION = YES;
				CLANG_WARN_INT_CONVERSION = YES;
				CLANG_WARN_NON_LITERAL_NULL_CONVERSION = YES;
				CLANG_WARN_OBJC_LITERAL_CONVERSION = YES;
				CLANG_WARN_OBJC_ROOT_CLASS = YES_ERROR;
				CLANG_WARN_RANGE_LOOP_ANALYSIS = YES;
				CLANG_WARN_STRICT_PROTOTYPES = YES;
				CLANG_WARN_SUSPICIOUS_MOVE = YES;
				CLANG_WARN_SUSPICIOUS_MOVES = YES;
				CLANG_WARN_UNREACHABLE_CODE = YES;
				CLANG_WARN__DUPLICATE_METHOD_MATCH = YES;
				"CODE_SIGN_IDENTITY[sdk=iphoneos*]" = "iPhone Developer";
				COPY_PHASE_STRIP = NO;
				DEBUG_INFORMATION_FORMAT = dwarf;
				ENABLE_STRICT_OBJC_MSGSEND = YES;
				ENABLE_TESTABILITY = YES;
				GCC_C_LANGUAGE_STANDARD = gnu99;
				GCC_DYNAMIC_NO_PIC = NO;
				GCC_NO_COMMON_BLOCKS = YES;
				GCC_OPTIMIZATION_LEVEL = 0;
				GCC_PREPROCESSOR_DEFINITIONS = (
					"DEBUG=1",
					"$(inherited)",
				);
				GCC_WARN_64_TO_32_BIT_CONVERSION = YES;
				GCC_WARN_ABOUT_RETURN_TYPE = YES_ERROR;
				GCC_WARN_UNDECLARED_SELECTOR = YES;
				GCC_WARN_UNINITIALIZED_AUTOS = YES_AGGRESSIVE;
				GCC_WARN_UNUSED_FUNCTION = YES;
				GCC_WARN_UNUSED_VARIABLE = YES;
				IPHONEOS_DEPLOYMENT_TARGET = 10.0;
				MTL_ENABLE_DEBUG_INFO = YES;
				ONLY_ACTIVE_ARCH = YES;
				SDKROOT = iphoneos;
				SWIFT_ACTIVE_COMPILATION_CONDITIONS = DEBUG;
				SWIFT_OPTIMIZATION_LEVEL = "-Onone";
			};
			name = Debug;
		};
		39E238341F696F11007A50C1 /* Release */ = {
			isa = XCBuildConfiguration;
			buildSettings = {
				ALWAYS_SEARCH_USER_PATHS = NO;
				CLANG_ANALYZER_NONNULL = YES;
				CLANG_CXX_LANGUAGE_STANDARD = "gnu++0x";
				CLANG_CXX_LIBRARY = "libc++";
				CLANG_ENABLE_MODULES = YES;
				CLANG_ENABLE_OBJC_ARC = YES;
				CLANG_WARN_BLOCK_CAPTURE_AUTORELEASING = YES;
				CLANG_WARN_BOOL_CONVERSION = YES;
				CLANG_WARN_COMMA = YES;
				CLANG_WARN_CONSTANT_CONVERSION = YES;
				CLANG_WARN_DIRECT_OBJC_ISA_USAGE = YES_ERROR;
				CLANG_WARN_DOCUMENTATION_COMMENTS = YES;
				CLANG_WARN_EMPTY_BODY = YES;
				CLANG_WARN_ENUM_CONVERSION = YES;
				CLANG_WARN_INFINITE_RECURSION = YES;
				CLANG_WARN_INT_CONVERSION = YES;
				CLANG_WARN_NON_LITERAL_NULL_CONVERSION = YES;
				CLANG_WARN_OBJC_LITERAL_CONVERSION = YES;
				CLANG_WARN_OBJC_ROOT_CLASS = YES_ERROR;
				CLANG_WARN_RANGE_LOOP_ANALYSIS = YES;
				CLANG_WARN_STRICT_PROTOTYPES = YES;
				CLANG_WARN_SUSPICIOUS_MOVE = YES;
				CLANG_WARN_SUSPICIOUS_MOVES = YES;
				CLANG_WARN_UNREACHABLE_CODE = YES;
				CLANG_WARN__DUPLICATE_METHOD_MATCH = YES;
				"CODE_SIGN_IDENTITY[sdk=iphoneos*]" = "iPhone Developer";
				COPY_PHASE_STRIP = NO;
				DEBUG_INFORMATION_FORMAT = "dwarf-with-dsym";
				ENABLE_NS_ASSERTIONS = NO;
				ENABLE_STRICT_OBJC_MSGSEND = YES;
				GCC_C_LANGUAGE_STANDARD = gnu99;
				GCC_NO_COMMON_BLOCKS = YES;
				GCC_WARN_64_TO_32_BIT_CONVERSION = YES;
				GCC_WARN_ABOUT_RETURN_TYPE = YES_ERROR;
				GCC_WARN_UNDECLARED_SELECTOR = YES;
				GCC_WARN_UNINITIALIZED_AUTOS = YES_AGGRESSIVE;
				GCC_WARN_UNUSED_FUNCTION = YES;
				GCC_WARN_UNUSED_VARIABLE = YES;
				IPHONEOS_DEPLOYMENT_TARGET = 10.0;
				MTL_ENABLE_DEBUG_INFO = NO;
				SDKROOT = iphoneos;
				SWIFT_OPTIMIZATION_LEVEL = "-Owholemodule";
				VALIDATE_PRODUCT = YES;
			};
			name = Release;
		};
		39E238361F696F11007A50C1 /* Debug */ = {
			isa = XCBuildConfiguration;
			buildSettings = {
				ASSETCATALOG_COMPILER_APPICON_NAME = AppIcon;
				DEVELOPMENT_TEAM = TVTBG99HF3;
				INFOPLIST_FILE = VIPERExample/Info.plist;
				LD_RUNPATH_SEARCH_PATHS = "$(inherited) @executable_path/Frameworks";
				PRODUCT_BUNDLE_IDENTIFIER = com.sergeypetrachkov.VIPERExample;
				PRODUCT_NAME = "$(TARGET_NAME)";
				SWIFT_SWIFT3_OBJC_INFERENCE = Off;
				SWIFT_VERSION = 4.0;
			};
			name = Debug;
		};
		39E238371F696F11007A50C1 /* Release */ = {
			isa = XCBuildConfiguration;
			buildSettings = {
				ASSETCATALOG_COMPILER_APPICON_NAME = AppIcon;
				DEVELOPMENT_TEAM = TVTBG99HF3;
				INFOPLIST_FILE = VIPERExample/Info.plist;
				LD_RUNPATH_SEARCH_PATHS = "$(inherited) @executable_path/Frameworks";
				PRODUCT_BUNDLE_IDENTIFIER = com.sergeypetrachkov.VIPERExample;
				PRODUCT_NAME = "$(TARGET_NAME)";
				SWIFT_SWIFT3_OBJC_INFERENCE = Off;
				SWIFT_VERSION = 4.0;
			};
			name = Release;
		};
/* End XCBuildConfiguration section */

/* Begin XCConfigurationList section */
		39E2381E1F696F11007A50C1 /* Build configuration list for PBXProject "VIPERExample" */ = {
			isa = XCConfigurationList;
			buildConfigurations = (
				39E238331F696F11007A50C1 /* Debug */,
				39E238341F696F11007A50C1 /* Release */,
			);
			defaultConfigurationIsVisible = 0;
			defaultConfigurationName = Release;
		};
		39E238351F696F11007A50C1 /* Build configuration list for PBXNativeTarget "VIPERExample" */ = {
			isa = XCConfigurationList;
			buildConfigurations = (
				39E238361F696F11007A50C1 /* Debug */,
				39E238371F696F11007A50C1 /* Release */,
			);
			defaultConfigurationIsVisible = 0;
			defaultConfigurationName = Release;
		};
/* End XCConfigurationList section */
	};
	rootObject = 39E2381B1F696F11007A50C1 /* Project object */;
}
